
Microsoft Visual Studio Solution File, Format Version 12.00
# Visual Studio Version 17
VisualStudioVersion = 17.10.35013.160
MinimumVisualStudioVersion = 10.0.40219.1
Project("{FAE04EC0-301F-11D3-BF4B-00C04F79EFBC}") = "Client", "Client\Client.csproj", "{035DBDA9-5A81-4B46-AD31-7EA039B515F3}"
EndProject
Project("{FAE04EC0-301F-11D3-BF4B-00C04F79EFBC}") = "Server", "Server\Server.csproj", "{67871A4B-98B3-469E-830B-AC0244ECAF27}"
EndProject
Global
	GlobalSection(SolutionConfigurationPlatforms) = preSolution
		Debug|Any CPU = Debug|Any CPU
		Release|Any CPU = Release|Any CPU
	EndGlobalSection
	GlobalSection(ProjectConfigurationPlatforms) = postSolution
		{035DBDA9-5A81-4B46-AD31-7EA039B515F3}.Debug|Any CPU.ActiveCfg = Debug|Any CPU
		{035DBDA9-5A81-4B46-AD31-7EA039B515F3}.Debug|Any CPU.Build.0 = Debug|Any CPU
		{035DBDA9-5A81-4B46-AD31-7EA039B515F3}.Release|Any CPU.ActiveCfg = Release|Any CPU
		{035DBDA9-5A81-4B46-AD31-7EA039B515F3}.Release|Any CPU.Build.0 = Release|Any CPU
		{67871A4B-98B3-469E-830B-AC0244ECAF27}.Debug|Any CPU.ActiveCfg = Debug|Any CPU
		{67871A4B-98B3-469E-830B-AC0244ECAF27}.Debug|Any CPU.Build.0 = Debug|Any CPU
		{67871A4B-98B3-469E-830B-AC0244ECAF27}.Release|Any CPU.ActiveCfg = Release|Any CPU
		{67871A4B-98B3-469E-830B-AC0244ECAF27}.Release|Any CPU.Build.0 = Release|Any CPU
	EndGlobalSection
	GlobalSection(SolutionProperties) = preSolution
		HideSolutionNode = FALSE
	EndGlobalSection
	GlobalSection(ExtensibilityGlobals) = postSolution
		SolutionGuid = {B96B21C1-9304-48D0-A81C-FF40AF0C5ADC}
	EndGlobalSection
EndGlobal
